
Microsoft Visual Studio Solution File, Format Version 12.00
# Visual Studio Version 16
VisualStudioVersion = 16.0.30907.101
MinimumVisualStudioVersion = 10.0.40219.1
Project("{FAE04EC0-301F-11D3-BF4B-00C04F79EFBC}") = "WpfApp24", "WpfApp24.csproj", "{A75086EA-C3DB-4378-ACE1-DC21999BBD10}"
EndProject
Global
	GlobalSection(SolutionConfigurationPlatforms) = preSolution
		Debug|Any CPU = Debug|Any CPU
		Release|Any CPU = Release|Any CPU
	EndGlobalSection
	GlobalSection(ProjectConfigurationPlatforms) = postSolution
		{A75086EA-C3DB-4378-ACE1-DC21999BBD10}.Debug|Any CPU.ActiveCfg = Debug|Any CPU
		{A75086EA-C3DB-4378-ACE1-DC21999BBD10}.Debug|Any CPU.Build.0 = Debug|Any CPU
		{A75086EA-C3DB-4378-ACE1-DC21999BBD10}.Release|Any CPU.ActiveCfg = Release|Any CPU
		{A75086EA-C3DB-4378-ACE1-DC21999BBD10}.Release|Any CPU.Build.0 = Release|Any CPU
	EndGlobalSection
	GlobalSection(SolutionProperties) = preSolution
		HideSolutionNode = FALSE
	EndGlobalSection
	GlobalSection(ExtensibilityGlobals) = postSolution
		SolutionGuid = {7D4B1441-9353-4C49-97B0-C21C64E54331}
	EndGlobalSection
EndGlobal
